PODS:
  - Alamofire (5.10.2)
  - BigInt (5.2.0)
  - Capacitor (7.6.4):
    - CapacitorCordova
  - CapacitorApp (7.1.2):
    - Capacitor
  - CapacitorBrowser (7.0.5):
    - Capacitor
  - CapacitorCommunityCameraPreview (7.0.5):
    - Capacitor
  - CapacitorCommunityIntercom (7.2.0):
    - Capacitor
    - Intercom (~> 18.0)
  - CapacitorCommunityStripeTerminal (7.2.3):
    - Capacitor
    - StripeTerminal (= 4.7.3)
  - CapacitorCordova (7.6.4)
  - CapacitorHaptics (7.0.5):
    - Capacitor
  - CapacitorPushNotifications (7.0.6):
    - Capacitor
  - CapacitorSecureStoragePlugin (0.12.0):
    - Capacitor
    - SwiftKeychainWrapper
  - CapacitorStatusBar (7.0.6):
    - Capacitor
  - CapgoCapacitorUpdater (7.45.10):
    - Alamofire (= 5.10.2)
    - BigInt (= 5.2.0)
    - Capacitor
    - Version (= 0.8.0)
    - ZIPFoundation (~> 0.9)
  - Intercom (18.8.1)
  - Sentry (9.16.1):
    - Sentry/Core (= 9.16.1)
  - Sentry/Core (9.16.1)
  - SentryCapacitor (4.2.0):
    - Capacitor
    - Sentry (= 9.16.1)
  - StripeTerminal (4.7.3)
  - SwiftKeychainWrapper (4.0.1)
  - Version (0.8.0)
  - ZIPFoundation (0.9.20)

DEPENDENCIES:
  - "Capacitor (from `../../../../node_modules/.pnpm/@capacitor+ios@7.6.4_@capacitor+core@7.6.4/node_modules/@capacitor/ios`)"
  - "CapacitorApp (from `../../../../node_modules/.pnpm/@capacitor+app@7.1.2_@capacitor+core@7.6.4/node_modules/@capacitor/app`)"
  - "CapacitorBrowser (from `../../../../node_modules/.pnpm/@capacitor+browser@7.0.5_@capacitor+core@7.6.4/node_modules/@capacitor/browser`)"
  - "CapacitorCommunityCameraPreview (from `../../../../node_modules/.pnpm/@capacitor-community+camera-preview@7.0.5_@capacitor+core@7.6.4/node_modules/@capacitor-community/camera-preview`)"
  - "CapacitorCommunityIntercom (from `../../../../node_modules/.pnpm/@capacitor-community+intercom@7.2.0_@capacitor+core@7.6.4/node_modules/@capacitor-community/intercom`)"
  - "CapacitorCommunityStripeTerminal (from `../../../../node_modules/.pnpm/@capacitor-community+stripe-terminal@7.2.3_@capacitor+core@7.6.4/node_modules/@capacitor-community/stripe-terminal`)"
  - "CapacitorCordova (from `../../../../node_modules/.pnpm/@capacitor+ios@7.6.4_@capacitor+core@7.6.4/node_modules/@capacitor/ios`)"
  - "CapacitorHaptics (from `../../../../node_modules/.pnpm/@capacitor+haptics@7.0.5_@capacitor+core@7.6.4/node_modules/@capacitor/haptics`)"
  - "CapacitorPushNotifications (from `../../../../node_modules/.pnpm/@capacitor+push-notifications@7.0.6_@capacitor+core@7.6.4/node_modules/@capacitor/push-notifications`)"
  - "CapacitorSecureStoragePlugin (from `../../../../node_modules/.pnpm/capacitor-secure-storage-plugin@0.12.0_@capacitor+core@7.6.4/node_modules/capacitor-secure-storage-plugin`)"
  - "CapacitorStatusBar (from `../../../../node_modules/.pnpm/@capacitor+status-bar@7.0.6_@capacitor+core@7.6.4/node_modules/@capacitor/status-bar`)"
  - "CapgoCapacitorUpdater (from `../../../../node_modules/.pnpm/@capgo+capacitor-updater@7.45.10_@capacitor+core@7.6.4/node_modules/@capgo/capacitor-updater`)"
  - "SentryCapacitor (from `../../../../node_modules/.pnpm/@sentry+capacitor@4.2.0_@capacitor+core@7.6.4_@sentry+react@10.60.0_react@19.1.0_/node_modules/@sentry/capacitor`)"

SPEC REPOS:
  trunk:
    - Alamofire
    - BigInt
    - Intercom
    - Sentry
    - StripeTerminal
    - SwiftKeychainWrapper
    - Version
    - ZIPFoundation

EXTERNAL SOURCES:
  Capacitor:
    :path: "../../../../node_modules/.pnpm/@capacitor+ios@7.6.4_@capacitor+core@7.6.4/node_modules/@capacitor/ios"
  CapacitorApp:
    :path: "../../../../node_modules/.pnpm/@capacitor+app@7.1.2_@capacitor+core@7.6.4/node_modules/@capacitor/app"
  CapacitorBrowser:
    :path: "../../../../node_modules/.pnpm/@capacitor+browser@7.0.5_@capacitor+core@7.6.4/node_modules/@capacitor/browser"
  CapacitorCommunityCameraPreview:
    :path: "../../../../node_modules/.pnpm/@capacitor-community+camera-preview@7.0.5_@capacitor+core@7.6.4/node_modules/@capacitor-community/camera-preview"
  CapacitorCommunityIntercom:
    :path: "../../../../node_modules/.pnpm/@capacitor-community+intercom@7.2.0_@capacitor+core@7.6.4/node_modules/@capacitor-community/intercom"
  CapacitorCommunityStripeTerminal:
    :path: "../../../../node_modules/.pnpm/@capacitor-community+stripe-terminal@7.2.3_@capacitor+core@7.6.4/node_modules/@capacitor-community/stripe-terminal"
  CapacitorCordova:
    :path: "../../../../node_modules/.pnpm/@capacitor+ios@7.6.4_@capacitor+core@7.6.4/node_modules/@capacitor/ios"
  CapacitorHaptics:
    :path: "../../../../node_modules/.pnpm/@capacitor+haptics@7.0.5_@capacitor+core@7.6.4/node_modules/@capacitor/haptics"
  CapacitorPushNotifications:
    :path: "../../../../node_modules/.pnpm/@capacitor+push-notifications@7.0.6_@capacitor+core@7.6.4/node_modules/@capacitor/push-notifications"
  CapacitorSecureStoragePlugin:
    :path: "../../../../node_modules/.pnpm/capacitor-secure-storage-plugin@0.12.0_@capacitor+core@7.6.4/node_modules/capacitor-secure-storage-plugin"
  CapacitorStatusBar:
    :path: "../../../../node_modules/.pnpm/@capacitor+status-bar@7.0.6_@capacitor+core@7.6.4/node_modules/@capacitor/status-bar"
  CapgoCapacitorUpdater:
    :path: "../../../../node_modules/.pnpm/@capgo+capacitor-updater@7.45.10_@capacitor+core@7.6.4/node_modules/@capgo/capacitor-updater"
  SentryCapacitor:
    :path: "../../../../node_modules/.pnpm/@sentry+capacitor@4.2.0_@capacitor+core@7.6.4_@sentry+react@10.60.0_react@19.1.0_/node_modules/@sentry/capacitor"

SPEC CHECKSUMS:
  Alamofire: 7193b3b92c74a07f85569e1a6c4f4237291e7496
  BigInt: f668a80089607f521586bbe29513d708491ef2f7
  Capacitor: 69dc07ebc6bd064747c5e76922f97e4862d9cc23
  CapacitorApp: f01a913211780e0718dae9750442c3e23f96e106
  CapacitorBrowser: 6d09f59655e89aede71654ef08b98de55cf032b6
  CapacitorCommunityCameraPreview: 9fc4839381eb4cb1da64343d601a8f08818fbdba
  CapacitorCommunityIntercom: 60641d2229011c3342782481d73f359e67970b1a
  CapacitorCommunityStripeTerminal: 089c40711fa80f61e5462794341e4780d9600a9b
  CapacitorCordova: e343e95a672ff73e21a77a80257b52fb609b47d5
  CapacitorHaptics: 1b145fa83c622e5383a3bac04ea81e2514f0b0f5
  CapacitorPushNotifications: b8e30637549ce91468b8c4dddbef2657be831f4c
  CapacitorSecureStoragePlugin: 50de0808ad398aa401e00f9e58adf88c77cb3c25
  CapacitorStatusBar: 416e9e53fd6397e668d4a181cd2131617d949bd6
  CapgoCapacitorUpdater: e2ec6954d5f24d4b340ed155ade8fa91085d91b1
  Intercom: b636b0e27ab832827abdf6573c57a80cf090ff5a
  Sentry: e5d82a3c1f2d951f75c04c57215a0abb1facbd51
  SentryCapacitor: 865c2ef0d0d010cb50509b0846dd0a9848006b05
  StripeTerminal: b9e92913da8a08ff5c62af75056ad39bf8b02ac6
  SwiftKeychainWrapper: 807ba1d63c33a7d0613288512399cd1eda1e470c
  Version: de5907f2c5d0f3cf21708db7801d1d5401139486
  ZIPFoundation: dfd3d681c4053ff7e2f7350bc4e53b5dba3f5351

PODFILE CHECKSUM: b4e9c2e9e0278d451d1d6e7d6c4663fe7cebe98f

COCOAPODS: 1.16.2
